
Microsoft Visual Studio Solution File, Format Version 12.00
# Visual Studio Version 17
VisualStudioVersion = 17.9.34616.47
MinimumVisualStudioVersion = 10.0.40219.1
Project("{FAE04EC0-301F-11D3-BF4B-00C04F79EFBC}") = "Models", "Models\Models.csproj", "{65F6ED9B-23E6-4C70-ABD8-449D96746720}"
EndProject
Project("{FAE04EC0-301F-11D3-BF4B-00C04F79EFBC}") = "DataAccess", "DataAccess\DataAccess.csproj", "{7324898C-6B50-4A75-AECE-F8162217507E}"
EndProject
Project("{FAE04EC0-301F-11D3-BF4B-00C04F79EFBC}") = "Services", "Services\Services.csproj", "{264777BA-6B00-4A2A-9D44-514CEF3344B4}"
EndProject
Global
	GlobalSection(SolutionConfigurationPlatforms) = preSolution
		Debug|Any CPU = Debug|Any CPU
		Release|Any CPU = Release|Any CPU
	EndGlobalSection
	GlobalSection(ProjectConfigurationPlatforms) = postSolution
		{65F6ED9B-23E6-4C70-ABD8-449D96746720}.Debug|Any CPU.ActiveCfg = Debug|Any CPU
		{65F6ED9B-23E6-4C70-ABD8-449D96746720}.Debug|Any CPU.Build.0 = Debug|Any CPU
		{65F6ED9B-23E6-4C70-ABD8-449D96746720}.Release|Any CPU.ActiveCfg = Release|Any CPU
		{65F6ED9B-23E6-4C70-ABD8-449D96746720}.Release|Any CPU.Build.0 = Release|Any CPU
		{7324898C-6B50-4A75-AECE-F8162217507E}.Debug|Any CPU.ActiveCfg = Debug|Any CPU
		{7324898C-6B50-4A75-AECE-F8162217507E}.Debug|Any CPU.Build.0 = Debug|Any CPU
		{7324898C-6B50-4A75-AECE-F8162217507E}.Release|Any CPU.ActiveCfg = Release|Any CPU
		{7324898C-6B50-4A75-AECE-F8162217507E}.Release|Any CPU.Build.0 = Release|Any CPU
		{264777BA-6B00-4A2A-9D44-514CEF3344B4}.Debug|Any CPU.ActiveCfg = Debug|Any CPU
		{264777BA-6B00-4A2A-9D44-514CEF3344B4}.Debug|Any CPU.Build.0 = Debug|Any CPU
		{264777BA-6B00-4A2A-9D44-514CEF3344B4}.Release|Any CPU.ActiveCfg = Release|Any CPU
		{264777BA-6B00-4A2A-9D44-514CEF3344B4}.Release|Any CPU.Build.0 = Release|Any CPU
	EndGlobalSection
	GlobalSection(SolutionProperties) = preSolution
		HideSolutionNode = FALSE
	EndGlobalSection
	GlobalSection(ExtensibilityGlobals) = postSolution
		SolutionGuid = {A8416F9C-3066-4CD7-9234-ACB39EFB325B}
	EndGlobalSection
EndGlobal
